
Microsoft Visual Studio Solution File, Format Version 12.00
# Visual Studio Version 16
VisualStudioVersion = 16.0.30413.136
MinimumVisualStudioVersion = 10.0.40219.1
Project("{FAE04EC0-301F-11D3-BF4B-00C04F79EFBC}") = "CPU Monitoring", "ConsoleApplication1\CPU Monitoring.csproj", "{DBCD16FF-FEB2-4C12-A7AA-7BCB36493338}"
EndProject
Global
	GlobalSection(SolutionConfigurationPlatforms) = preSolution
		Debug|Any CPU = Debug|Any CPU
		Release|Any CPU = Release|Any CPU
	EndGlobalSection
	GlobalSection(ProjectConfigurationPlatforms) = postSolution
		{DBCD16FF-FEB2-4C12-A7AA-7BCB36493338}.Debug|Any CPU.ActiveCfg = Debug|Any CPU
		{DBCD16FF-FEB2-4C12-A7AA-7BCB36493338}.Debug|Any CPU.Build.0 = Debug|Any CPU
		{DBCD16FF-FEB2-4C12-A7AA-7BCB36493338}.Release|Any CPU.ActiveCfg = Release|Any CPU
		{DBCD16FF-FEB2-4C12-A7AA-7BCB36493338}.Release|Any CPU.Build.0 = Release|Any CPU
	EndGlobalSection
	GlobalSection(SolutionProperties) = preSolution
		HideSolutionNode = FALSE
	EndGlobalSection
	GlobalSection(ExtensibilityGlobals) = postSolution
		SolutionGuid = {462F5ED6-A29C-4689-A823-8C2717C1EC05}
	EndGlobalSection
EndGlobal
